// !$*UTF8*$!
{
	archiveVersion = 1;
	classes = {
	};
	objectVersion = 48;
	objects = {

/* Begin PBXBuildFile section */
		043AC2BB1F9625ED00DC9982 /* AppDelegate.swift in Sources */ = {isa = PBXBuildFile; fileRef = 043AC2BA1F9625ED00DC9982 /* AppDelegate.swift */; };
		043AC2BD1F9625ED00DC9982 /* ViewController.swift in Sources */ = {isa = PBXBuildFile; fileRef = 043AC2BC1F9625ED00DC9982 /* ViewController.swift */; };
		043AC2C01F9625ED00DC9982 /* Main.storyboard in Resources */ = {isa = PBXBuildFile; fileRef = 043AC2BE1F9625ED00DC9982 /* Main.storyboard */; };
		043AC2C21F9625ED00DC9982 /* Assets.xcassets in Resources */ = {isa = PBXBuildFile; fileRef = 043AC2C11F9625ED00DC9982 /* Assets.xcassets */; };
		043AC2C51F9625ED00DC9982 /* LaunchScreen.storyboard in Resources */ = {isa = PBXBuildFile; fileRef = 043AC2C31F9625ED00DC9982 /* LaunchScreen.storyboard */; };
		043AC2D01F9625ED00DC9982 /* cricketApp_CMTTests.swift in Sources */ = {isa = PBXBuildFile; fileRef = 043AC2CF1F9625ED00DC9982 /* cricketApp_CMTTests.swift */; };
		043AC2DB1F9625ED00DC9982 /* cricketApp_CMTUITests.swift in Sources */ = {isa = PBXBuildFile; fileRef = 043AC2DA1F9625ED00DC9982 /* cricketApp_CMTUITests.swift */; };
		043AC2EA1F962BAE00DC9982 /* GoogleService-Info.plist in Resources */ = {isa = PBXBuildFile; fileRef = 043AC2E91F962AB100DC9982 /* GoogleService-Info.plist */; };
		AC8EF75ECD9F09D1B0E30DED /* Pods_cricketApp_CMTTests.framework in Frameworks */ = {isa = PBXBuildFile; fileRef = 805C522553890E4D7D02AEDE /* Pods_cricketApp_CMTTests.framework */; };
		ACD582C7C9A44A60CF312A0B /* Pods_cricketApp_CMT.framework in Frameworks */ = {isa = PBXBuildFile; fileRef = AE11E091C7D2BFB508058A7C /* Pods_cricketApp_CMT.framework */; };
		AE93ACBF241BCE7C76DF4202 /* Pods_cricketApp_CMTUITests.framework in Frameworks */ = {isa = PBXBuildFile; fileRef = 5B22D070BDE5C9D611CB48E3 /* Pods_cricketApp_CMTUITests.framework */; };
/* End PBXBuildFile section */

/* Begin PBXContainerItemProxy section */
		043AC2CC1F9625ED00DC9982 /* PBXContainerItemProxy */ = {
			isa = PBXContainerItemProxy;
			containerPortal = 043AC2AF1F9625ED00DC9982 /* Project object */;
			proxyType = 1;
			remoteGlobalIDString = 043AC2B61F9625ED00DC9982;
			remoteInfo = "cricketApp-CMT";
		};
		043AC2D71F9625ED00DC9982 /* PBXContainerItemProxy */ = {
			isa = PBXContainerItemProxy;
			containerPortal = 043AC2AF1F9625ED00DC9982 /* Project object */;
			proxyType = 1;
			remoteGlobalIDString = 043AC2B61F9625ED00DC9982;
			remoteInfo = "cricketApp-CMT";
		};
/* End PBXContainerItemProxy section */

/* Begin PBXFileReference section */
		043AC2B71F9625ED00DC9982 /* cricketApp-CMT.app */ = {isa = PBXFileReference; explicitFileType = wrapper.application; includeInIndex = 0; path = "cricketApp-CMT.app"; sourceTree = BUILT_PRODUCTS_DIR; };
		043AC2BA1F9625ED00DC9982 /* AppDelegate.swift */ = {isa = PBXFileReference; lastKnownFileType = sourcecode.swift; path = AppDelegate.swift; sourceTree = "<group>"; };
		043AC2BC1F9625ED00DC9982 /* ViewController.swift */ = {isa = PBXFileReference; lastKnownFileType = sourcecode.swift; path = ViewController.swift; sourceTree = "<group>"; };
		043AC2BF1F9625ED00DC9982 /* Base */ = {isa = PBXFileReference; lastKnownFileType = file.storyboard; name = Base; path = Base.lproj/Main.storyboard; sourceTree = "<group>"; };
		043AC2C11F9625ED00DC9982 /* Assets.xcassets */ = {isa = PBXFileReference; lastKnownFileType = folder.assetcatalog; path = Assets.xcassets; sourceTree = "<group>"; };
		043AC2C41F9625ED00DC9982 /* Base */ = {isa = PBXFileReference; lastKnownFileType = file.storyboard; name = Base; path = Base.lproj/LaunchScreen.storyboard; sourceTree = "<group>"; };
		043AC2C61F9625ED00DC9982 /* Info.plist */ = {isa = PBXFileReference; lastKnownFileType = text.plist.xml; path = Info.plist; sourceTree = "<group>"; };
		043AC2CB1F9625ED00DC9982 /* cricketApp-CMTTests.xctest */ = {isa = PBXFileReference; explicitFileType = wrapper.cfbundle; includeInIndex = 0; path = "cricketApp-CMTTests.xctest"; sourceTree = BUILT_PRODUCTS_DIR; };
		043AC2CF1F9625ED00DC9982 /* cricketApp_CMTTests.swift */ = {isa = PBXFileReference; lastKnownFileType = sourcecode.swift; path = cricketApp_CMTTests.swift; sourceTree = "<group>"; };
		043AC2D11F9625ED00DC9982 /* Info.plist */ = {isa = PBXFileReference; lastKnownFileType = text.plist.xml; path = Info.plist; sourceTree = "<group>"; };
		043AC2D61F9625ED00DC9982 /* cricketApp-CMTUITests.xctest */ = {isa = PBXFileReference; explicitFileType = wrapper.cfbundle; includeInIndex = 0; path = "cricketApp-CMTUITests.xctest"; sourceTree = BUILT_PRODUCTS_DIR; };
		043AC2DA1F9625ED00DC9982 /* cricketApp_CMTUITests.swift */ = {isa = PBXFileReference; lastKnownFileType = sourcecode.swift; path = cricketApp_CMTUITests.swift; sourceTree = "<group>"; };
		043AC2DC1F9625ED00DC9982 /* Info.plist */ = {isa = PBXFileReference; lastKnownFileType = text.plist.xml; path = Info.plist; sourceTree = "<group>"; };
		043AC2E91F962AB100DC9982 /* GoogleService-Info.plist */ = {isa = PBXFileReference; lastKnownFileType = text.plist.xml; name = "GoogleService-Info.plist"; path = "cricketApp-CMT/GoogleService-Info.plist"; sourceTree = SOURCE_ROOT; };
		47CB15894867EEFD924A9FCC /* Pods-cricketApp-CMTUITests.release.xcconfig */ = {isa = PBXFileReference; includeInIndex = 1; lastKnownFileType = text.xcconfig; name = "Pods-cricketApp-CMTUITests.release.xcconfig"; path = "Pods/Target Support Files/Pods-cricketApp-CMTUITests/Pods-cricketApp-CMTUITests.release.xcconfig"; sourceTree = "<group>"; };
		577D92F7E06B9490ECA040D4 /* Pods-cricketApp-CMT.debug.xcconfig */ = {isa = PBXFileReference; includeInIndex = 1; lastKnownFileType = text.xcconfig; name = "Pods-cricketApp-CMT.debug.xcconfig"; path = "Pods/Target Support Files/Pods-cricketApp-CMT/Pods-cricketApp-CMT.debug.xcconfig"; sourceTree = "<group>"; };
		5B22D070BDE5C9D611CB48E3 /* Pods_cricketApp_CMTUITests.framework */ = {isa = PBXFileReference; explicitFileType = wrapper.framework; includeInIndex = 0; path = Pods_cricketApp_CMTUITests.framework; sourceTree = BUILT_PRODUCTS_DIR; };
		805C522553890E4D7D02AEDE /* Pods_cricketApp_CMTTests.framework */ = {isa = PBXFileReference; explicitFileType = wrapper.framework; includeInIndex = 0; path = Pods_cricketApp_CMTTests.framework; sourceTree = BUILT_PRODUCTS_DIR; };
		9F03E0179B9BF44EAF86BC26 /* Pods-cricketApp-CMTUITests.debug.xcconfig */ = {isa = PBXFileReference; includeInIndex = 1; lastKnownFileType = text.xcconfig; name = "Pods-cricketApp-CMTUITests.debug.xcconfig"; path = "Pods/Target Support Files/Pods-cricketApp-CMTUITests/Pods-cricketApp-CMTUITests.debug.xcconfig"; sourceTree = "<group>"; };
		AE11E091C7D2BFB508058A7C /* Pods_cricketApp_CMT.framework */ = {isa = PBXFileReference; explicitFileType = wrapper.framework; includeInIndex = 0; path = Pods_cricketApp_CMT.framework; sourceTree = BUILT_PRODUCTS_DIR; };
		B233D292BC351784F2DBFB10 /* Pods-cricketApp-CMTTests.debug.xcconfig */ = {isa = PBXFileReference; includeInIndex = 1; lastKnownFileType = text.xcconfig; name = "Pods-cricketApp-CMTTests.debug.xcconfig"; path = "Pods/Target Support Files/Pods-cricketApp-CMTTests/Pods-cricketApp-CMTTests.debug.xcconfig"; sourceTree = "<group>"; };
		F81E063C441EF19983D17DF3 /* Pods-cricketApp-CMTTests.release.xcconfig */ = {isa = PBXFileReference; includeInIndex = 1; lastKnownFileType = text.xcconfig; name = "Pods-cricketApp-CMTTests.release.xcconfig"; path = "Pods/Target Support Files/Pods-cricketApp-CMTTests/Pods-cricketApp-CMTTests.release.xcconfig"; sourceTree = "<group>"; };
		FBC2B92E60EBFE6449E08207 /* Pods-cricketApp-CMT.release.xcconfig */ = {isa = PBXFileReference; includeInIndex = 1; lastKnownFileType = text.xcconfig; name = "Pods-cricketApp-CMT.release.xcconfig"; path = "Pods/Target Support Files/Pods-cricketApp-CMT/Pods-cricketApp-CMT.release.xcconfig"; sourceTree = "<group>"; };
/* End PBXFileReference section */

/* Begin PBXFrameworksBuildPhase section */
		043AC2B41F9625ED00DC9982 /* Frameworks */ = {
			isa = PBXFrameworksBuildPhase;
			buildActionMask = 2147483647;
			files = (
				ACD582C7C9A44A60CF312A0B /* Pods_cricketApp_CMT.framework in Frameworks */,
			);
			runOnlyForDeploymentPostprocessing = 0;
		};
		043AC2C81F9625ED00DC9982 /* Frameworks */ = {
			isa = PBXFrameworksBuildPhase;
			buildActionMask = 2147483647;
			files = (
				AC8EF75ECD9F09D1B0E30DED /* Pods_cricketApp_CMTTests.framework in Frameworks */,
			);
			runOnlyForDeploymentPostprocessing = 0;
		};
		043AC2D31F9625ED00DC9982 /* Frameworks */ = {
			isa = PBXFrameworksBuildPhase;
			buildActionMask = 2147483647;
			files = (
				AE93ACBF241BCE7C76DF4202 /* Pods_cricketApp_CMTUITests.framework in Frameworks */,
			);
			runOnlyForDeploymentPostprocessing = 0;
		};
/* End PBXFrameworksBuildPhase section */

/* Begin PBXGroup section */
		043AC2AE1F9625ED00DC9982 = {
			isa = PBXGroup;
			children = (
				043AC2B91F9625ED00DC9982 /* cricketApp-CMT */,
				043AC2EB1F96AF4800DC9982 /* Layout */,
				043AC2CE1F9625ED00DC9982 /* cricketApp-CMTTests */,
				043AC2D91F9625ED00DC9982 /* cricketApp-CMTUITests */,
				043AC2B81F9625ED00DC9982 /* Products */,
				ECCEA861CAE3CC6F3A10798E /* Pods */,
				F493573FFD813E03FFED11F7 /* Frameworks */,
			);
			sourceTree = "<group>";
		};
		043AC2B81F9625ED00DC9982 /* Products */ = {
			isa = PBXGroup;
			children = (
				043AC2B71F9625ED00DC9982 /* cricketApp-CMT.app */,
				043AC2CB1F9625ED00DC9982 /* cricketApp-CMTTests.xctest */,
				043AC2D61F9625ED00DC9982 /* cricketApp-CMTUITests.xctest */,
			);
			name = Products;
			sourceTree = "<group>";
		};
		043AC2B91F9625ED00DC9982 /* cricketApp-CMT */ = {
			isa = PBXGroup;
			children = (
				043AC2BA1F9625ED00DC9982 /* AppDelegate.swift */,
				043AC2BC1F9625ED00DC9982 /* ViewController.swift */,
				043AC2E91F962AB100DC9982 /* GoogleService-Info.plist */,
				043AC2C61F9625ED00DC9982 /* Info.plist */,
				043AC2C11F9625ED00DC9982 /* Assets.xcassets */,
			);
			path = "cricketApp-CMT";
			sourceTree = "<group>";
		};
		043AC2CE1F9625ED00DC9982 /* cricketApp-CMTTests */ = {
			isa = PBXGroup;
			children = (
				043AC2CF1F9625ED00DC9982 /* cricketApp_CMTTests.swift */,
				043AC2D11F9625ED00DC9982 /* Info.plist */,
			);
			path = "cricketApp-CMTTests";
			sourceTree = "<group>";
		};
		043AC2D91F9625ED00DC9982 /* cricketApp-CMTUITests */ = {
			isa = PBXGroup;
			children = (
				043AC2DA1F9625ED00DC9982 /* cricketApp_CMTUITests.swift */,
				043AC2DC1F9625ED00DC9982 /* Info.plist */,
			);
			path = "cricketApp-CMTUITests";
			sourceTree = "<group>";
		};
		043AC2EB1F96AF4800DC9982 /* Layout */ = {
			isa = PBXGroup;
			children = (
				043AC2BE1F9625ED00DC9982 /* Main.storyboard */,
				043AC2C31F9625ED00DC9982 /* LaunchScreen.storyboard */,
			);
			name = Layout;
			sourceTree = "<group>";
		};
		ECCEA861CAE3CC6F3A10798E /* Pods */ = {
			isa = PBXGroup;
			children = (
				577D92F7E06B9490ECA040D4 /* Pods-cricketApp-CMT.debug.xcconfig */,
				FBC2B92E60EBFE6449E08207 /* Pods-cricketApp-CMT.release.xcconfig */,
				B233D292BC351784F2DBFB10 /* Pods-cricketApp-CMTTests.debug.xcconfig */,
				F81E063C441EF19983D17DF3 /* Pods-cricketApp-CMTTests.release.xcconfig */,
				9F03E0179B9BF44EAF86BC26 /* Pods-cricketApp-CMTUITests.debug.xcconfig */,
				47CB15894867EEFD924A9FCC /* Pods-cricketApp-CMTUITests.release.xcconfig */,
			);
			name = Pods;
			sourceTree = "<group>";
		};
		F493573FFD813E03FFED11F7 /* Frameworks */ = {
			isa = PBXGroup;
			children = (
				AE11E091C7D2BFB508058A7C /* Pods_cricketApp_CMT.framework */,
				805C522553890E4D7D02AEDE /* Pods_cricketApp_CMTTests.framework */,
				5B22D070BDE5C9D611CB48E3 /* Pods_cricketApp_CMTUITests.framework */,
			);
			name = Frameworks;
			sourceTree = "<group>";
		};
/* End PBXGroup section */

/* Begin PBXNativeTarget section */
		043AC2B61F9625ED00DC9982 /* cricketApp-CMT */ = {
			isa = PBXNativeTarget;
			buildConfigurationList = 043AC2DF1F9625ED00DC9982 /* Build configuration list for PBXNativeTarget "cricketApp-CMT" */;
			buildPhases = (
				B40F6EE0496124271633941E /* [CP] Check Pods Manifest.lock */,
				043AC2B31F9625ED00DC9982 /* Sources */,
				043AC2B41F9625ED00DC9982 /* Frameworks */,
				043AC2B51F9625ED00DC9982 /* Resources */,
				07A8D2BA31441D12F8109311 /* [CP] Embed Pods Frameworks */,
				89D10964172367896B585176 /* [CP] Copy Pods Resources */,
			);
			buildRules = (
			);
			dependencies = (
			);
			name = "cricketApp-CMT";
			productName = "cricketApp-CMT";
			productReference = 043AC2B71F9625ED00DC9982 /* cricketApp-CMT.app */;
			productType = "com.apple.product-type.application";
		};
		043AC2CA1F9625ED00DC9982 /* cricketApp-CMTTests */ = {
			isa = PBXNativeTarget;
			buildConfigurationList = 043AC2E21F9625ED00DC9982 /* Build configuration list for PBXNativeTarget "cricketApp-CMTTests" */;
			buildPhases = (
				644A8688E770484C947D00CD /* [CP] Check Pods Manifest.lock */,
				043AC2C71F9625ED00DC9982 /* Sources */,
				043AC2C81F9625ED00DC9982 /* Frameworks */,
				043AC2C91F9625ED00DC9982 /* Resources */,
				5D437A253D5B3619373D2C24 /* [CP] Embed Pods Frameworks */,
				F0E19D365B614A26E0D2354A /* [CP] Copy Pods Resources */,
			);
			buildRules = (
			);
			dependencies = (
				043AC2CD1F9625ED00DC9982 /* PBXTargetDependency */,
			);
			name = "cricketApp-CMTTests";
			productName = "cricketApp-CMTTests";
			productReference = 043AC2CB1F9625ED00DC9982 /* cricketApp-CMTTests.xctest */;
			productType = "com.apple.product-type.bundle.unit-test";
		};
		043AC2D51F9625ED00DC9982 /* cricketApp-CMTUITests */ = {
			isa = PBXNativeTarget;
			buildConfigurationList = 043AC2E51F9625ED00DC9982 /* Build configuration list for PBXNativeTarget "cricketApp-CMTUITests" */;
			buildPhases = (
				9982FBF0D9A7E4AAA8F50253 /* [CP] Check Pods Manifest.lock */,
				043AC2D21F9625ED00DC9982 /* Sources */,
				043AC2D31F9625ED00DC9982 /* Frameworks */,
				043AC2D41F9625ED00DC9982 /* Resources */,
				97BEB2615C7A588516E8CCBC /* [CP] Embed Pods Frameworks */,
				8041881E3C11937B2F7C00D2 /* [CP] Copy Pods Resources */,
			);
			buildRules = (
			);
			dependencies = (
				043AC2D81F9625ED00DC9982 /* PBXTargetDependency */,
			);
			name = "cricketApp-CMTUITests";
			productName = "cricketApp-CMTUITests";
			productReference = 043AC2D61F9625ED00DC9982 /* cricketApp-CMTUITests.xctest */;
			productType = "com.apple.product-type.bundle.ui-testing";
		};
/* End PBXNativeTarget section */

/* Begin PBXProject section */
		043AC2AF1F9625ED00DC9982 /* Project object */ = {
			isa = PBXProject;
			attributes = {
				LastSwiftUpdateCheck = 0900;
				LastUpgradeCheck = 0900;
				ORGANIZATIONNAME = "Seena Shafai";
				TargetAttributes = {
					043AC2B61F9625ED00DC9982 = {
						CreatedOnToolsVersion = 9.0;
						ProvisioningStyle = Automatic;
					};
					043AC2CA1F9625ED00DC9982 = {
						CreatedOnToolsVersion = 9.0;
						ProvisioningStyle = Automatic;
						TestTargetID = 043AC2B61F9625ED00DC9982;
					};
					043AC2D51F9625ED00DC9982 = {
						CreatedOnToolsVersion = 9.0;
						ProvisioningStyle = Automatic;
						TestTargetID = 043AC2B61F9625ED00DC9982;
					};
				};
			};
			buildConfigurationList = 043AC2B21F9625ED00DC9982 /* Build configuration list for PBXProject "cricketApp-CMT" */;
			compatibilityVersion = "Xcode 8.0";
			developmentRegion = en;
			hasScannedForEncodings = 0;
			knownRegions = (
				en,
				Base,
			);
			mainGroup = 043AC2AE1F9625ED00DC9982;
			productRefGroup = 043AC2B81F9625ED00DC9982 /* Products */;
			projectDirPath = "";
			projectRoot = "";
			targets = (
				043AC2B61F9625ED00DC9982 /* cricketApp-CMT */,
				043AC2CA1F9625ED00DC9982 /* cricketApp-CMTTests */,
				043AC2D51F9625ED00DC9982 /* cricketApp-CMTUITests */,
			);
		};
/* End PBXProject section */

/* Begin PBXResourcesBuildPhase section */
		043AC2B51F9625ED00DC9982 /* Resources */ = {
			isa = PBXResourcesBuildPhase;
			buildActionMask = 2147483647;
			files = (
				043AC2EA1F962BAE00DC9982 /* GoogleService-Info.plist in Resources */,
				043AC2C51F9625ED00DC9982 /* LaunchScreen.storyboard in Resources */,
				043AC2C21F9625ED00DC9982 /* Assets.xcassets in Resources */,
				043AC2C01F9625ED00DC9982 /* Main.storyboard in Resources */,
			);
			runOnlyForDeploymentPostprocessing = 0;
		};
		043AC2C91F9625ED00DC9982 /* Resources */ = {
			isa = PBXResourcesBuildPhase;
			buildActionMask = 2147483647;
			files = (
			);
			runOnlyForDeploymentPostprocessing = 0;
		};
		043AC2D41F9625ED00DC9982 /* Resources */ = {
			isa = PBXResourcesBuildPhase;
			buildActionMask = 2147483647;
			files = (
			);
			runOnlyForDeploymentPostprocessing = 0;
		};
/* End PBXResourcesBuildPhase section */

/* Begin PBXShellScriptBuildPhase section */
		07A8D2BA31441D12F8109311 /* [CP] Embed Pods Frameworks */ = {
			isa = PBXShellScriptBuildPhase;
			buildActionMask = 2147483647;
			files = (
			);
			inputPaths = (
				"${SRCROOT}/Pods/Target Support Files/Pods-cricketApp-CMT/Pods-cricketApp-CMT-frameworks.sh",
				"${BUILT_PRODUCTS_DIR}/GoogleToolboxForMac/GoogleToolboxForMac.framework",
				"${BUILT_PRODUCTS_DIR}/leveldb-library/leveldb.framework",
				"${BUILT_PRODUCTS_DIR}/nanopb/nanopb.framework",
			);
			name = "[CP] Embed Pods Frameworks";
			outputPaths = (
				"${TARGET_BUILD_DIR}/${FRAMEWORKS_FOLDER_PATH}/GoogleToolboxForMac.framework",
				"${TARGET_BUILD_DIR}/${FRAMEWORKS_FOLDER_PATH}/leveldb.framework",
				"${TARGET_BUILD_DIR}/${FRAMEWORKS_FOLDER_PATH}/nanopb.framework",
			);
			runOnlyForDeploymentPostprocessing = 0;
			shellPath = /bin/sh;
			shellScript = "\"${SRCROOT}/Pods/Target Support Files/Pods-cricketApp-CMT/Pods-cricketApp-CMT-frameworks.sh\"\n";
			showEnvVarsInLog = 0;
		};
		5D437A253D5B3619373D2C24 /* [CP] Embed Pods Frameworks */ = {
			isa = PBXShellScriptBuildPhase;
			buildActionMask = 2147483647;
			files = (
			);
			inputPaths = (
			);
			name = "[CP] Embed Pods Frameworks";
			outputPaths = (
			);
			runOnlyForDeploymentPostprocessing = 0;
			shellPath = /bin/sh;
			shellScript = "\"${SRCROOT}/Pods/Target Support Files/Pods-cricketApp-CMTTests/Pods-cricketApp-CMTTests-frameworks.sh\"\n";
			showEnvVarsInLog = 0;
		};
		644A8688E770484C947D00CD /* [CP] Check Pods Manifest.lock */ = {
			isa = PBXShellScriptBuildPhase;
			buildActionMask = 2147483647;
			files = (
			);
			inputPaths = (
				"${PODS_PODFILE_DIR_PATH}/Podfile.lock",
				"${PODS_ROOT}/Manifest.lock",
			);
			name = "[CP] Check Pods Manifest.lock";
			outputPaths = (
				"$(DERIVED_FILE_DIR)/Pods-cricketApp-CMTTests-checkManifestLockResult.txt",
			);
			runOnlyForDeploymentPostprocessing = 0;
			shellPath = /bin/sh;
			shellScript = "diff \"${PODS_PODFILE_DIR_PATH}/Podfile.lock\" \"${PODS_ROOT}/Manifest.lock\" > /dev/null\nif [ $? != 0 ] ; then\n    # print error to STDERR\n    echo \"error: The sandbox is not in sync with the Podfile.lock. Run 'pod install' or update your CocoaPods installation.\" >&2\n    exit 1\nfi\n# This output is used by Xcode 'outputs' to avoid re-running this script phase.\necho \"SUCCESS\" > \"${SCRIPT_OUTPUT_FILE_0}\"\n";
			showEnvVarsInLog = 0;
		};
		8041881E3C11937B2F7C00D2 /* [CP] Copy Pods Resources */ = {
			isa = PBXShellScriptBuildPhase;
			buildActionMask = 2147483647;
			files = (
			);
			inputPaths = (
			);
			name = "[CP] Copy Pods Resources";
			outputPaths = (
			);
			runOnlyForDeploymentPostprocessing = 0;
			shellPath = /bin/sh;
			shellScript = "\"${SRCROOT}/Pods/Target Support Files/Pods-cricketApp-CMTUITests/Pods-cricketApp-CMTUITests-resources.sh\"\n";
			showEnvVarsInLog = 0;
		};
		89D10964172367896B585176 /* [CP] Copy Pods Resources */ = {
			isa = PBXShellScriptBuildPhase;
			buildActionMask = 2147483647;
			files = (
			);
			inputPaths = (
			);
			name = "[CP] Copy Pods Resources";
			outputPaths = (
			);
			runOnlyForDeploymentPostprocessing = 0;
			shellPath = /bin/sh;
			shellScript = "\"${SRCROOT}/Pods/Target Support Files/Pods-cricketApp-CMT/Pods-cricketApp-CMT-resources.sh\"\n";
			showEnvVarsInLog = 0;
		};
		97BEB2615C7A588516E8CCBC /* [CP] Embed Pods Frameworks */ = {
			isa = PBXShellScriptBuildPhase;
			buildActionMask = 2147483647;
			files = (
			);
			inputPaths = (
			);
			name = "[CP] Embed Pods Frameworks";
			outputPaths = (
			);
			runOnlyForDeploymentPostprocessing = 0;
			shellPath = /bin/sh;
			shellScript = "\"${SRCROOT}/Pods/Target Support Files/Pods-cricketApp-CMTUITests/Pods-cricketApp-CMTUITests-frameworks.sh\"\n";
			showEnvVarsInLog = 0;
		};
		9982FBF0D9A7E4AAA8F50253 /* [CP] Check Pods Manifest.lock */ = {
			isa = PBXShellScriptBuildPhase;
			buildActionMask = 2147483647;
			files = (
			);
			inputPaths = (
				"${PODS_PODFILE_DIR_PATH}/Podfile.lock",
				"${PODS_ROOT}/Manifest.lock",
			);
			name = "[CP] Check Pods Manifest.lock";
			outputPaths = (
				"$(DERIVED_FILE_DIR)/Pods-cricketApp-CMTUITests-checkManifestLockResult.txt",
			);
			runOnlyForDeploymentPostprocessing = 0;
			shellPath = /bin/sh;
			shellScript = "diff \"${PODS_PODFILE_DIR_PATH}/Podfile.lock\" \"${PODS_ROOT}/Manifest.lock\" > /dev/null\nif [ $? != 0 ] ; then\n    # print error to STDERR\n    echo \"error: The sandbox is not in sync with the Podfile.lock. Run 'pod install' or update your CocoaPods installation.\" >&2\n    exit 1\nfi\n# This output is used by Xcode 'outputs' to avoid re-running this script phase.\necho \"SUCCESS\" > \"${SCRIPT_OUTPUT_FILE_0}\"\n";
			showEnvVarsInLog = 0;
		};
		B40F6EE0496124271633941E /* [CP] Check Pods Manifest.lock */ = {
			isa = PBXShellScriptBuildPhase;
			buildActionMask = 2147483647;
			files = (
			);
			inputPaths = (
				"${PODS_PODFILE_DIR_PATH}/Podfile.lock",
				"${PODS_ROOT}/Manifest.lock",
			);
			name = "[CP] Check Pods Manifest.lock";
			outputPaths = (
				"$(DERIVED_FILE_DIR)/Pods-cricketApp-CMT-checkManifestLockResult.txt",
			);
			runOnlyForDeploymentPostprocessing = 0;
			shellPath = /bin/sh;
			shellScript = "diff \"${PODS_PODFILE_DIR_PATH}/Podfile.lock\" \"${PODS_ROOT}/Manifest.lock\" > /dev/null\nif [ $? != 0 ] ; then\n    # print error to STDERR\n    echo \"error: The sandbox is not in sync with the Podfile.lock. Run 'pod install' or update your CocoaPods installation.\" >&2\n    exit 1\nfi\n# This output is used by Xcode 'outputs' to avoid re-running this script phase.\necho \"SUCCESS\" > \"${SCRIPT_OUTPUT_FILE_0}\"\n";
			showEnvVarsInLog = 0;
		};
		F0E19D365B614A26E0D2354A /* [CP] Copy Pods Resources */ = {
			isa = PBXShellScriptBuildPhase;
			buildActionMask = 2147483647;
			files = (
			);
			inputPaths = (
			);
			name = "[CP] Copy Pods Resources";
			outputPaths = (
			);
			runOnlyForDeploymentPostprocessing = 0;
			shellPath = /bin/sh;
			shellScript = "\"${SRCROOT}/Pods/Target Support Files/Pods-cricketApp-CMTTests/Pods-cricketApp-CMTTests-resources.sh\"\n";
			showEnvVarsInLog = 0;
		};
/* End PBXShellScriptBuildPhase section */

/* Begin PBXSourcesBuildPhase section */
		043AC2B31F9625ED00DC9982 /* Sources */ = {
			isa = PBXSourcesBuildPhase;
			buildActionMask = 2147483647;
			files = (
				043AC2BD1F9625ED00DC9982 /* ViewController.swift in Sources */,
				043AC2BB1F9625ED00DC9982 /* AppDelegate.swift in Sources */,
			);
			runOnlyForDeploymentPostprocessing = 0;
		};
		043AC2C71F9625ED00DC9982 /* Sources */ = {
			isa = PBXSourcesBuildPhase;
			buildActionMask = 2147483647;
			files = (
				043AC2D01F9625ED00DC9982 /* cricketApp_CMTTests.swift in Sources */,
			);
			runOnlyForDeploymentPostprocessing = 0;
		};
		043AC2D21F9625ED00DC9982 /* Sources */ = {
			isa = PBXSourcesBuildPhase;
			buildActionMask = 2147483647;
			files = (
				043AC2DB1F9625ED00DC9982 /* cricketApp_CMTUITests.swift in Sources */,
			);
			runOnlyForDeploymentPostprocessing = 0;
		};
/* End PBXSourcesBuildPhase section */

/* Begin PBXTargetDependency section */
		043AC2CD1F9625ED00DC9982 /* PBXTargetDependency */ = {
			isa = PBXTargetDependency;
			target = 043AC2B61F9625ED00DC9982 /* cricketApp-CMT */;
			targetProxy = 043AC2CC1F9625ED00DC9982 /* PBXContainerItemProxy */;
		};
		043AC2D81F9625ED00DC9982 /* PBXTargetDependency */ = {
			isa = PBXTargetDependency;
			target = 043AC2B61F9625ED00DC9982 /* cricketApp-CMT */;
			targetProxy = 043AC2D71F9625ED00DC9982 /* PBXContainerItemProxy */;
		};
/* End PBXTargetDependency section */

/* Begin PBXVariantGroup section */
		043AC2BE1F9625ED00DC9982 /* Main.storyboard */ = {
			isa = PBXVariantGroup;
			children = (
				043AC2BF1F9625ED00DC9982 /* Base */,
			);
			name = Main.storyboard;
			sourceTree = "<group>";
		};
		043AC2C31F9625ED00DC9982 /* LaunchScreen.storyboard */ = {
			isa = PBXVariantGroup;
			children = (
				043AC2C41F9625ED00DC9982 /* Base */,
			);
			name = LaunchScreen.storyboard;
			sourceTree = "<group>";
		};
/* End PBXVariantGroup section */

/* Begin XCBuildConfiguration section */
		043AC2DD1F9625ED00DC9982 /* Debug */ = {
			isa = XCBuildConfiguration;
			buildSettings = {
				ALWAYS_SEARCH_USER_PATHS = NO;
				CLANG_ANALYZER_NONNULL = YES;
				CLANG_ANALYZER_NUMBER_OBJECT_CONVERSION = YES_AGGRESSIVE;
				CLANG_CXX_LANGUAGE_STANDARD = "gnu++14";
				CLANG_CXX_LIBRARY = "libc++";
				CLANG_ENABLE_MODULES = YES;
				CLANG_ENABLE_OBJC_ARC = YES;
				CLANG_WARN_BLOCK_CAPTURE_AUTORELEASING = YES;
				CLANG_WARN_BOOL_CONVERSION = YES;
				CLANG_WARN_COMMA = YES;
				CLANG_WARN_CONSTANT_CONVERSION = YES;
				CLANG_WARN_DIRECT_OBJC_ISA_USAGE = YES_ERROR;
				CLANG_WARN_DOCUMENTATION_COMMENTS = YES;
				CLANG_WARN_EMPTY_BODY = YES;
				CLANG_WARN_ENUM_CONVERSION = YES;
				CLANG_WARN_INFINITE_RECURSION = YES;
				CLANG_WARN_INT_CONVERSION = YES;
				CLANG_WARN_NON_LITERAL_NULL_CONVERSION = YES;
				CLANG_WARN_OBJC_LITERAL_CONVERSION = YES;
				CLANG_WARN_OBJC_ROOT_CLASS = YES_ERROR;
				CLANG_WARN_RANGE_LOOP_ANALYSIS = YES;
				CLANG_WARN_STRICT_PROTOTYPES = YES;
				CLANG_WARN_SUSPICIOUS_MOVE = YES;
				CLANG_WARN_UNGUARDED_AVAILABILITY = YES_AGGRESSIVE;
				CLANG_WARN_UNREACHABLE_CODE = YES;
				CLANG_WARN__DUPLICATE_METHOD_MATCH = YES;
				CODE_SIGN_IDENTITY = "iPhone Developer";
				COPY_PHASE_STRIP = NO;
				DEBUG_INFORMATION_FORMAT = dwarf;
				ENABLE_STRICT_OBJC_MSGSEND = YES;
				ENABLE_TESTABILITY = YES;
				GCC_C_LANGUAGE_STANDARD = gnu11;
				GCC_DYNAMIC_NO_PIC = NO;
				GCC_NO_COMMON_BLOCKS = YES;
				GCC_OPTIMIZATION_LEVEL = 0;
				GCC_PREPROCESSOR_DEFINITIONS = (
					"DEBUG=1",
					"$(inherited)",
				);
				GCC_WARN_64_TO_32_BIT_CONVERSION = YES;
				GCC_WARN_ABOUT_RETURN_TYPE = YES_ERROR;
				GCC_WARN_UNDECLARED_SELECTOR = YES;
				GCC_WARN_UNINITIALIZED_AUTOS = YES_AGGRESSIVE;
				GCC_WARN_UNUSED_FUNCTION = YES;
				GCC_WARN_UNUSED_VARIABLE = YES;
				IPHONEOS_DEPLOYMENT_TARGET = 11.0;
				MTL_ENABLE_DEBUG_INFO = YES;
				ONLY_ACTIVE_ARCH = YES;
				SDKROOT = iphoneos;
				SWIFT_ACTIVE_COMPILATION_CONDITIONS = DEBUG;
				SWIFT_OPTIMIZATION_LEVEL = "-Onone";
			};
			name = Debug;
		};
		043AC2DE1F9625ED00DC9982 /* Release */ = {
			isa = XCBuildConfiguration;
			buildSettings = {
				ALWAYS_SEARCH_USER_PATHS = NO;
				CLANG_ANALYZER_NONNULL = YES;
				CLANG_ANALYZER_NUMBER_OBJECT_CONVERSION = YES_AGGRESSIVE;
				CLANG_CXX_LANGUAGE_STANDARD = "gnu++14";
				CLANG_CXX_LIBRARY = "libc++";
				CLANG_ENABLE_MODULES = YES;
				CLANG_ENABLE_OBJC_ARC = YES;
				CLANG_WARN_BLOCK_CAPTURE_AUTORELEASING = YES;
				CLANG_WARN_BOOL_CONVERSION = YES;
				CLANG_WARN_COMMA = YES;
				CLANG_WARN_CONSTANT_CONVERSION = YES;
				CLANG_WARN_DIRECT_OBJC_ISA_USAGE = YES_ERROR;
				CLANG_WARN_DOCUMENTATION_COMMENTS = YES;
				CLANG_WARN_EMPTY_BODY = YES;
				CLANG_WARN_ENUM_CONVERSION = YES;
				CLANG_WARN_INFINITE_RECURSION = YES;
				CLANG_WARN_INT_CONVERSION = YES;
				CLANG_WARN_NON_LITERAL_NULL_CONVERSION = YES;
				CLANG_WARN_OBJC_LITERAL_CONVERSION = YES;
				CLANG_WARN_OBJC_ROOT_CLASS = YES_ERROR;
				CLANG_WARN_RANGE_LOOP_ANALYSIS = YES;
				CLANG_WARN_STRICT_PROTOTYPES = YES;
				CLANG_WARN_SUSPICIOUS_MOVE = YES;
				CLANG_WARN_UNGUARDED_AVAILABILITY = YES_AGGRESSIVE;
				CLANG_WARN_UNREACHABLE_CODE = YES;
				CLANG_WARN__DUPLICATE_METHOD_MATCH = YES;
				CODE_SIGN_IDENTITY = "iPhone Developer";
				COPY_PHASE_STRIP = NO;
				DEBUG_INFORMATION_FORMAT = "dwarf-with-dsym";
				ENABLE_NS_ASSERTIONS = NO;
				ENABLE_STRICT_OBJC_MSGSEND = YES;
				GCC_C_LANGUAGE_STANDARD = gnu11;
				GCC_NO_COMMON_BLOCKS = YES;
				GCC_WARN_64_TO_32_BIT_CONVERSION = YES;
				GCC_WARN_ABOUT_RETURN_TYPE = YES_ERROR;
				GCC_WARN_UNDECLARED_SELECTOR = YES;
				GCC_WARN_UNINITIALIZED_AUTOS = YES_AGGRESSIVE;
				GCC_WARN_UNUSED_FUNCTION = YES;
				GCC_WARN_UNUSED_VARIABLE = YES;
				IPHONEOS_DEPLOYMENT_TARGET = 11.0;
				MTL_ENABLE_DEBUG_INFO = NO;
				SDKROOT = iphoneos;
				SWIFT_OPTIMIZATION_LEVEL = "-Owholemodule";
				VALIDATE_PRODUCT = YES;
			};
			name = Release;
		};
		043AC2E01F9625ED00DC9982 /* Debug */ = {
			isa = XCBuildConfiguration;
			baseConfigurationReference = 577D92F7E06B9490ECA040D4 /* Pods-cricketApp-CMT.debug.xcconfig */;
			buildSettings = {
				ASSETCATALOG_COMPILER_APPICON_NAME = AppIcon;
				CODE_SIGN_STYLE = Automatic;
				DEVELOPMENT_TEAM = AZQME83VC4;
				INFOPLIST_FILE = "cricketApp-CMT/Info.plist";
				IPHONEOS_DEPLOYMENT_TARGET = 9.3;
				LD_RUNPATH_SEARCH_PATHS = "$(inherited) @executable_path/Frameworks";
				PRODUCT_BUNDLE_IDENTIFIER = "seenashafai.cricketApp-CMT";
				PRODUCT_NAME = "$(TARGET_NAME)";
				SWIFT_VERSION = 4.0;
				TARGETED_DEVICE_FAMILY = "1,2";
			};
			name = Debug;
		};
		043AC2E11F9625ED00DC9982 /* Release */ = {
			isa = XCBuildConfiguration;
			baseConfigurationReference = FBC2B92E60EBFE6449E08207 /* Pods-cricketApp-CMT.release.xcconfig */;
			buildSettings = {
				ASSETCATALOG_COMPILER_APPICON_NAME = AppIcon;
				CODE_SIGN_STYLE = Automatic;
				DEVELOPMENT_TEAM = AZQME83VC4;
				INFOPLIST_FILE = "cricketApp-CMT/Info.plist";
				IPHONEOS_DEPLOYMENT_TARGET = 9.3;
				LD_RUNPATH_SEARCH_PATHS = "$(inherited) @executable_path/Frameworks";
				PRODUCT_BUNDLE_IDENTIFIER = "seenashafai.cricketApp-CMT";
				PRODUCT_NAME = "$(TARGET_NAME)";
				SWIFT_VERSION = 4.0;
				TARGETED_DEVICE_FAMILY = "1,2";
			};
			name = Release;
		};
		043AC2E31F9625ED00DC9982 /* Debug */ = {
			isa = XCBuildConfiguration;
			baseConfigurationReference = B233D292BC351784F2DBFB10 /* Pods-cricketApp-CMTTests.debug.xcconfig */;
			buildSettings = {
				ALWAYS_EMBED_SWIFT_STANDARD_LIBRARIES = YES;
				BUNDLE_LOADER = "$(TEST_HOST)";
				CODE_SIGN_STYLE = Automatic;
				DEVELOPMENT_TEAM = AZQME83VC4;
				INFOPLIST_FILE = "cricketApp-CMTTests/Info.plist";
				LD_RUNPATH_SEARCH_PATHS = "$(inherited) @executable_path/Frameworks @loader_path/Frameworks";
				PRODUCT_BUNDLE_IDENTIFIER = "seenashafai.cricketApp-CMTTests";
				PRODUCT_NAME = "$(TARGET_NAME)";
				SWIFT_VERSION = 4.0;
				TARGETED_DEVICE_FAMILY = "1,2";
				TEST_HOST = "$(BUILT_PRODUCTS_DIR)/cricketApp-CMT.app/cricketApp-CMT";
			};
			name = Debug;
		};
		043AC2E41F9625ED00DC9982 /* Release */ = {
			isa = XCBuildConfiguration;
			baseConfigurationReference = F81E063C441EF19983D17DF3 /* Pods-cricketApp-CMTTests.release.xcconfig */;
			buildSettings = {
				ALWAYS_EMBED_SWIFT_STANDARD_LIBRARIES = YES;
				BUNDLE_LOADER = "$(TEST_HOST)";
				CODE_SIGN_STYLE = Automatic;
				DEVELOPMENT_TEAM = AZQME83VC4;
				INFOPLIST_FILE = "cricketApp-CMTTests/Info.plist";
				LD_RUNPATH_SEARCH_PATHS = "$(inherited) @executable_path/Frameworks @loader_path/Frameworks";
				PRODUCT_BUNDLE_IDENTIFIER = "seenashafai.cricketApp-CMTTests";
				PRODUCT_NAME = "$(TARGET_NAME)";
				SWIFT_VERSION = 4.0;
				TARGETED_DEVICE_FAMILY = "1,2";
				TEST_HOST = "$(BUILT_PRODUCTS_DIR)/cricketApp-CMT.app/cricketApp-CMT";
			};
			name = Release;
		};
		043AC2E61F9625ED00DC9982 /* Debug */ = {
			isa = XCBuildConfiguration;
			baseConfigurationReference = 9F03E0179B9BF44EAF86BC26 /* Pods-cricketApp-CMTUITests.debug.xcconfig */;
			buildSettings = {
				ALWAYS_EMBED_SWIFT_STANDARD_LIBRARIES = YES;
				CODE_SIGN_STYLE = Automatic;
				DEVELOPMENT_TEAM = AZQME83VC4;
				INFOPLIST_FILE = "cricketApp-CMTUITests/Info.plist";
				LD_RUNPATH_SEARCH_PATHS = "$(inherited) @executable_path/Frameworks @loader_path/Frameworks";
				PRODUCT_BUNDLE_IDENTIFIER = "seenashafai.cricketApp-CMTUITests";
				PRODUCT_NAME = "$(TARGET_NAME)";
				SWIFT_VERSION = 4.0;
				TARGETED_DEVICE_FAMILY = "1,2";
				TEST_TARGET_NAME = "cricketApp-CMT";
			};
			name = Debug;
		};
		043AC2E71F9625ED00DC9982 /* Release */ = {
			isa = XCBuildConfiguration;
			baseConfigurationReference = 47CB15894867EEFD924A9FCC /* Pods-cricketApp-CMTUITests.release.xcconfig */;
			buildSettings = {
				ALWAYS_EMBED_SWIFT_STANDARD_LIBRARIES = YES;
				CODE_SIGN_STYLE = Automatic;
				DEVELOPMENT_TEAM = AZQME83VC4;
				INFOPLIST_FILE = "cricketApp-CMTUITests/Info.plist";
				LD_RUNPATH_SEARCH_PATHS = "$(inherited) @executable_path/Frameworks @loader_path/Frameworks";
				PRODUCT_BUNDLE_IDENTIFIER = "seenashafai.cricketApp-CMTUITests";
				PRODUCT_NAME = "$(TARGET_NAME)";
				SWIFT_VERSION = 4.0;
				TARGETED_DEVICE_FAMILY = "1,2";
				TEST_TARGET_NAME = "cricketApp-CMT";
			};
			name = Release;
		};
/* End XCBuildConfiguration section */

/* Begin XCConfigurationList section */
		043AC2B21F9625ED00DC9982 /* Build configuration list for PBXProject "cricketApp-CMT" */ = {
			isa = XCConfigurationList;
			buildConfigurations = (
				043AC2DD1F9625ED00DC9982 /* Debug */,
				043AC2DE1F9625ED00DC9982 /* Release */,
			);
			defaultConfigurationIsVisible = 0;
			defaultConfigurationName = Release;
		};
		043AC2DF1F9625ED00DC9982 /* Build configuration list for PBXNativeTarget "cricketApp-CMT" */ = {
			isa = XCConfigurationList;
			buildConfigurations = (
				043AC2E01F9625ED00DC9982 /* Debug */,
				043AC2E11F9625ED00DC9982 /* Release */,
			);
			defaultConfigurationIsVisible = 0;
			defaultConfigurationName = Release;
		};
		043AC2E21F9625ED00DC9982 /* Build configuration list for PBXNativeTarget "cricketApp-CMTTests" */ = {
			isa = XCConfigurationList;
			buildConfigurations = (
				043AC2E31F9625ED00DC9982 /* Debug */,
				043AC2E41F9625ED00DC9982 /* Release */,
			);
			defaultConfigurationIsVisible = 0;
			defaultConfigurationName = Release;
		};
		043AC2E51F9625ED00DC9982 /* Build configuration list for PBXNativeTarget "cricketApp-CMTUITests" */ = {
			isa = XCConfigurationList;
			buildConfigurations = (
				043AC2E61F9625ED00DC9982 /* Debug */,
				043AC2E71F9625ED00DC9982 /* Release */,
			);
			defaultConfigurationIsVisible = 0;
			defaultConfigurationName = Release;
		};
/* End XCConfigurationList section */
	};
	rootObject = 043AC2AF1F9625ED00DC9982 /* Project object */;
}
